Microsoft Visual Studio Solution File, Format Version 8.00
Project("{F184B08F-C81C-45F6-A57F-5ABD9991F28F}") = "prjctDoReMi", "prjctDoReMi.vbproj", "{6B1142D6-D9F4-47A7-BDD4-268E90D39875}"
	ProjectSection(ProjectDependencies) = postProject
	EndProjectSection
EndProject
Global
	GlobalSection(SolutionConfiguration) = preSolution
		Debug = Debug
		Release = Release
	EndGlobalSection
	GlobalSection(ProjectConfiguration) = postSolution
		{6B1142D6-D9F4-47A7-BDD4-268E90D39875}.Debug.ActiveCfg = Debug|.NET
		{6B1142D6-D9F4-47A7-BDD4-268E90D39875}.Debug.Build.0 = Debug|.NET
		{6B1142D6-D9F4-47A7-BDD4-268E90D39875}.Release.ActiveCfg = Release|.NET
		{6B1142D6-D9F4-47A7-BDD4-268E90D39875}.Release.Build.0 = Release|.NET
	EndGlobalSection
	GlobalSection(ExtensibilityGlobals) = postSolution
	EndGlobalSection
	GlobalSection(ExtensibilityAddIns) = postSolution
	EndGlobalSection
EndGlobal
