Microsoft Visual Studio Solution File, Format Version 8.00
Project("{54435603-DBB4-11D2-8724-00A0C9A8B90C}") = "doremi", "doremi.vdproj", "{C8A832B0-6AD3-453B-BEF5-6CBFE74C1469}"
	ProjectSection(ProjectDependencies) = postProject
	EndProjectSection
EndProject
Global
	GlobalSection(SolutionConfiguration) = preSolution
		Debug = Debug
		Release = Release
	EndGlobalSection
	GlobalSection(ProjectConfiguration) = postSolution
		{C8A832B0-6AD3-453B-BEF5-6CBFE74C1469}.Debug.ActiveCfg = Debug
		{C8A832B0-6AD3-453B-BEF5-6CBFE74C1469}.Release.ActiveCfg = Release
	EndGlobalSection
	GlobalSection(ExtensibilityGlobals) = postSolution
	EndGlobalSection
	GlobalSection(ExtensibilityAddIns) = postSolution
	EndGlobalSection
EndGlobal
